{
  "object": {
    "pins": [
      {
        "package": "ParseSwift",
        "repositoryURL": "https://github.com/parse-community/Parse-Swift",
        "state": {
          "branch": null,
          "revision": "1385abfd397e8ebd95eb0f20100d9cb2ac3d18e7",
          "version": "2.0.0"
        }
      }
    ]
  },
  "version": 1
}
