// !$*UTF8*$!
{
	archiveVersion = 1;
	classes = {
	};
	objectVersion = 52;
	objects = {

/* Begin PBXBuildFile section */
		01228F2926ECF98900260CD2 /* AppDelegate.swift in Sources */ = {isa = PBXBuildFile; fileRef = 01228F2826ECF98900260CD2 /* AppDelegate.swift */; };
		01228F2B26ECF98900260CD2 /* SceneDelegate.swift in Sources */ = {isa = PBXBuildFile; fileRef = 01228F2A26ECF98900260CD2 /* SceneDelegate.swift */; };
		01228F3026ECF98900260CD2 /* Main.storyboard in Resources */ = {isa = PBXBuildFile; fileRef = 01228F2E26ECF98900260CD2 /* Main.storyboard */; };
		01228F3226ECF98C00260CD2 /* Assets.xcassets in Resources */ = {isa = PBXBuildFile; fileRef = 01228F3126ECF98C00260CD2 /* Assets.xcassets */; };
		01228F3526ECF98C00260CD2 /* LaunchScreen.storyboard in Resources */ = {isa = PBXBuildFile; fileRef = 01228F3326ECF98C00260CD2 /* LaunchScreen.storyboard */; };
		01228F4026ECF98D00260CD2 /* flixTests.swift in Sources */ = {isa = PBXBuildFile; fileRef = 01228F3F26ECF98D00260CD2 /* flixTests.swift */; };
		01228F4B26ECF98D00260CD2 /* flixUITests.swift in Sources */ = {isa = PBXBuildFile; fileRef = 01228F4A26ECF98D00260CD2 /* flixUITests.swift */; };
		01228F9526EE3EEC00260CD2 /* MoviesViewController.swift in Sources */ = {isa = PBXBuildFile; fileRef = 01228F9426EE3EEC00260CD2 /* MoviesViewController.swift */; };
		01228F9726EE489F00260CD2 /* MovieCell.swift in Sources */ = {isa = PBXBuildFile; fileRef = 01228F9626EE489F00260CD2 /* MovieCell.swift */; };
		01228F9A26EE6CB900260CD2 /* AlamofireImage in Frameworks */ = {isa = PBXBuildFile; productRef = 01228F9926EE6CB900260CD2 /* AlamofireImage */; };
		4827A04F6408FB3352AC15FF /* Pods_flixTests.framework in Frameworks */ = {isa = PBXBuildFile; fileRef = E0459585D756A08F03C89FEF /* Pods_flixTests.framework */; };
		9A704B473DC6234C4576AA1D /* Pods_flix.framework in Frameworks */ = {isa = PBXBuildFile; fileRef = 9BA7624ED6418BFECE06D3BD /* Pods_flix.framework */; };
		DA919AACB305D14791E211CF /* Pods_flix_flixUITests.framework in Frameworks */ = {isa = PBXBuildFile; fileRef = 6FB8BA4DEE7DAC0F1B5B6EB1 /* Pods_flix_flixUITests.framework */; };
/* End PBXBuildFile section */

/* Begin PBXContainerItemProxy section */
		01228F3C26ECF98D00260CD2 /* PBXContainerItemProxy */ = {
			isa = PBXContainerItemProxy;
			containerPortal = 01228F1D26ECF98900260CD2 /* Project object */;
			proxyType = 1;
			remoteGlobalIDString = 01228F2426ECF98900260CD2;
			remoteInfo = flix;
		};
		01228F4726ECF98D00260CD2 /* PBXContainerItemProxy */ = {
			isa = PBXContainerItemProxy;
			containerPortal = 01228F1D26ECF98900260CD2 /* Project object */;
			proxyType = 1;
			remoteGlobalIDString = 01228F2426ECF98900260CD2;
			remoteInfo = flix;
		};
/* End PBXContainerItemProxy section */

/* Begin PBXFileReference section */
		01228F2526ECF98900260CD2 /* flix.app */ = {isa = PBXFileReference; explicitFileType = wrapper.application; includeInIndex = 0; path = flix.app; sourceTree = BUILT_PRODUCTS_DIR; };
		01228F2826ECF98900260CD2 /* AppDelegate.swift */ = {isa = PBXFileReference; lastKnownFileType = sourcecode.swift; path = AppDelegate.swift; sourceTree = "<group>"; };
		01228F2A26ECF98900260CD2 /* SceneDelegate.swift */ = {isa = PBXFileReference; lastKnownFileType = sourcecode.swift; path = SceneDelegate.swift; sourceTree = "<group>"; };
		01228F2F26ECF98900260CD2 /* Base */ = {isa = PBXFileReference; lastKnownFileType = file.storyboard; name = Base; path = Base.lproj/Main.storyboard; sourceTree = "<group>"; };
		01228F3126ECF98C00260CD2 /* Assets.xcassets */ = {isa = PBXFileReference; lastKnownFileType = folder.assetcatalog; path = Assets.xcassets; sourceTree = "<group>"; };
		01228F3426ECF98C00260CD2 /* Base */ = {isa = PBXFileReference; lastKnownFileType = file.storyboard; name = Base; path = Base.lproj/LaunchScreen.storyboard; sourceTree = "<group>"; };
		01228F3626ECF98C00260CD2 /* Info.plist */ = {isa = PBXFileReference; lastKnownFileType = text.plist.xml; path = Info.plist; sourceTree = "<group>"; };
		01228F3B26ECF98D00260CD2 /* flixTests.xctest */ = {isa = PBXFileReference; explicitFileType = wrapper.cfbundle; includeInIndex = 0; path = flixTests.xctest; sourceTree = BUILT_PRODUCTS_DIR; };
		01228F3F26ECF98D00260CD2 /* flixTests.swift */ = {isa = PBXFileReference; lastKnownFileType = sourcecode.swift; path = flixTests.swift; sourceTree = "<group>"; };
		01228F4126ECF98D00260CD2 /* Info.plist */ = {isa = PBXFileReference; lastKnownFileType = text.plist.xml; path = Info.plist; sourceTree = "<group>"; };
		01228F4626ECF98D00260CD2 /* flixUITests.xctest */ = {isa = PBXFileReference; explicitFileType = wrapper.cfbundle; includeInIndex = 0; path = flixUITests.xctest; sourceTree = BUILT_PRODUCTS_DIR; };
		01228F4A26ECF98D00260CD2 /* flixUITests.swift */ = {isa = PBXFileReference; lastKnownFileType = sourcecode.swift; path = flixUITests.swift; sourceTree = "<group>"; };
		01228F4C26ECF98D00260CD2 /* Info.plist */ = {isa = PBXFileReference; lastKnownFileType = text.plist.xml; path = Info.plist; sourceTree = "<group>"; };
		01228F9426EE3EEC00260CD2 /* MoviesViewController.swift */ = {isa = PBXFileReference; lastKnownFileType = sourcecode.swift; path = MoviesViewController.swift; sourceTree = "<group>"; };
		01228F9626EE489F00260CD2 /* MovieCell.swift */ = {isa = PBXFileReference; lastKnownFileType = sourcecode.swift; path = MovieCell.swift; sourceTree = "<group>"; };
		1C210A9379B737A7BFB5EA15 /* Pods-flix.release.xcconfig */ = {isa = PBXFileReference; includeInIndex = 1; lastKnownFileType = text.xcconfig; name = "Pods-flix.release.xcconfig"; path = "Target Support Files/Pods-flix/Pods-flix.release.xcconfig"; sourceTree = "<group>"; };
		2638AAA4B6A79CB448811E0F /* Pods-flix.debug.xcconfig */ = {isa = PBXFileReference; includeInIndex = 1; lastKnownFileType = text.xcconfig; name = "Pods-flix.debug.xcconfig"; path = "Target Support Files/Pods-flix/Pods-flix.debug.xcconfig"; sourceTree = "<group>"; };
		2E0898DDBD6A51BA027E33FA /* Pods-flixTests.release.xcconfig */ = {isa = PBXFileReference; includeInIndex = 1; lastKnownFileType = text.xcconfig; name = "Pods-flixTests.release.xcconfig"; path = "Target Support Files/Pods-flixTests/Pods-flixTests.release.xcconfig"; sourceTree = "<group>"; };
		4E433FF3AB81F7C7EE5353E4 /* Pods-flixTests.debug.xcconfig */ = {isa = PBXFileReference; includeInIndex = 1; lastKnownFileType = text.xcconfig; name = "Pods-flixTests.debug.xcconfig"; path = "Target Support Files/Pods-flixTests/Pods-flixTests.debug.xcconfig"; sourceTree = "<group>"; };
		6152A8321F9F9720395F86D8 /* Pods-flix-flixUITests.debug.xcconfig */ = {isa = PBXFileReference; includeInIndex = 1; lastKnownFileType = text.xcconfig; name = "Pods-flix-flixUITests.debug.xcconfig"; path = "Target Support Files/Pods-flix-flixUITests/Pods-flix-flixUITests.debug.xcconfig"; sourceTree = "<group>"; };
		6FB8BA4DEE7DAC0F1B5B6EB1 /* Pods_flix_flixUITests.framework */ = {isa = PBXFileReference; explicitFileType = wrapper.framework; includeInIndex = 0; path = Pods_flix_flixUITests.framework; sourceTree = BUILT_PRODUCTS_DIR; };
		9BA7624ED6418BFECE06D3BD /* Pods_flix.framework */ = {isa = PBXFileReference; explicitFileType = wrapper.framework; includeInIndex = 0; path = Pods_flix.framework; sourceTree = BUILT_PRODUCTS_DIR; };
		E01DBE823C493501D572F24B /* Pods-flix-flixUITests.release.xcconfig */ = {isa = PBXFileReference; includeInIndex = 1; lastKnownFileType = text.xcconfig; name = "Pods-flix-flixUITests.release.xcconfig"; path = "Target Support Files/Pods-flix-flixUITests/Pods-flix-flixUITests.release.xcconfig"; sourceTree = "<group>"; };
		E0459585D756A08F03C89FEF /* Pods_flixTests.framework */ = {isa = PBXFileReference; explicitFileType = wrapper.framework; includeInIndex = 0; path = Pods_flixTests.framework; sourceTree = BUILT_PRODUCTS_DIR; };
/* End PBXFileReference section */

/* Begin PBXFrameworksBuildPhase section */
		01228F2226ECF98900260CD2 /* Frameworks */ = {
			isa = PBXFrameworksBuildPhase;
			buildActionMask = 2147483647;
			files = (
				01228F9A26EE6CB900260CD2 /* AlamofireImage in Frameworks */,
				9A704B473DC6234C4576AA1D /* Pods_flix.framework in Frameworks */,
			);
			runOnlyForDeploymentPostprocessing = 0;
		};
		01228F3826ECF98D00260CD2 /* Frameworks */ = {
			isa = PBXFrameworksBuildPhase;
			buildActionMask = 2147483647;
			files = (
				4827A04F6408FB3352AC15FF /* Pods_flixTests.framework in Frameworks */,
			);
			runOnlyForDeploymentPostprocessing = 0;
		};
		01228F4326ECF98D00260CD2 /* Frameworks */ = {
			isa = PBXFrameworksBuildPhase;
			buildActionMask = 2147483647;
			files = (
				DA919AACB305D14791E211CF /* Pods_flix_flixUITests.framework in Frameworks */,
			);
			runOnlyForDeploymentPostprocessing = 0;
		};
/* End PBXFrameworksBuildPhase section */

/* Begin PBXGroup section */
		01228F1C26ECF98900260CD2 = {
			isa = PBXGroup;
			children = (
				01228F2726ECF98900260CD2 /* flix */,
				01228F3E26ECF98D00260CD2 /* flixTests */,
				01228F4926ECF98D00260CD2 /* flixUITests */,
				01228F2626ECF98900260CD2 /* Products */,
				9A6573E3C93005DA665ED253 /* Pods */,
				F3C3C73F55B0C1CB336F00E6 /* Frameworks */,
			);
			sourceTree = "<group>";
		};
		01228F2626ECF98900260CD2 /* Products */ = {
			isa = PBXGroup;
			children = (
				01228F2526ECF98900260CD2 /* flix.app */,
				01228F3B26ECF98D00260CD2 /* flixTests.xctest */,
				01228F4626ECF98D00260CD2 /* flixUITests.xctest */,
			);
			name = Products;
			sourceTree = "<group>";
		};
		01228F2726ECF98900260CD2 /* flix */ = {
			isa = PBXGroup;
			children = (
				01228F2826ECF98900260CD2 /* AppDelegate.swift */,
				01228F2A26ECF98900260CD2 /* SceneDelegate.swift */,
				01228F2E26ECF98900260CD2 /* Main.storyboard */,
				01228F9426EE3EEC00260CD2 /* MoviesViewController.swift */,
				01228F9626EE489F00260CD2 /* MovieCell.swift */,
				01228F3126ECF98C00260CD2 /* Assets.xcassets */,
				01228F3326ECF98C00260CD2 /* LaunchScreen.storyboard */,
				01228F3626ECF98C00260CD2 /* Info.plist */,
			);
			path = flix;
			sourceTree = "<group>";
		};
		01228F3E26ECF98D00260CD2 /* flixTests */ = {
			isa = PBXGroup;
			children = (
				01228F3F26ECF98D00260CD2 /* flixTests.swift */,
				01228F4126ECF98D00260CD2 /* Info.plist */,
			);
			path = flixTests;
			sourceTree = "<group>";
		};
		01228F4926ECF98D00260CD2 /* flixUITests */ = {
			isa = PBXGroup;
			children = (
				01228F4A26ECF98D00260CD2 /* flixUITests.swift */,
				01228F4C26ECF98D00260CD2 /* Info.plist */,
			);
			path = flixUITests;
			sourceTree = "<group>";
		};
		9A6573E3C93005DA665ED253 /* Pods */ = {
			isa = PBXGroup;
			children = (
				2638AAA4B6A79CB448811E0F /* Pods-flix.debug.xcconfig */,
				1C210A9379B737A7BFB5EA15 /* Pods-flix.release.xcconfig */,
				6152A8321F9F9720395F86D8 /* Pods-flix-flixUITests.debug.xcconfig */,
				E01DBE823C493501D572F24B /* Pods-flix-flixUITests.release.xcconfig */,
				4E433FF3AB81F7C7EE5353E4 /* Pods-flixTests.debug.xcconfig */,
				2E0898DDBD6A51BA027E33FA /* Pods-flixTests.release.xcconfig */,
			);
			name = Pods;
			path = Pods;
			sourceTree = "<group>";
		};
		F3C3C73F55B0C1CB336F00E6 /* Frameworks */ = {
			isa = PBXGroup;
			children = (
				9BA7624ED6418BFECE06D3BD /* Pods_flix.framework */,
				6FB8BA4DEE7DAC0F1B5B6EB1 /* Pods_flix_flixUITests.framework */,
				E0459585D756A08F03C89FEF /* Pods_flixTests.framework */,
			);
			name = Frameworks;
			sourceTree = "<group>";
		};
/* End PBXGroup section */

/* Begin PBXNativeTarget section */
		01228F2426ECF98900260CD2 /* flix */ = {
			isa = PBXNativeTarget;
			buildConfigurationList = 01228F4F26ECF98D00260CD2 /* Build configuration list for PBXNativeTarget "flix" */;
			buildPhases = (
				307D9CA26DC7199C103D998D /* [CP] Check Pods Manifest.lock */,
				01228F2126ECF98900260CD2 /* Sources */,
				01228F2226ECF98900260CD2 /* Frameworks */,
				01228F2326ECF98900260CD2 /* Resources */,
				FC303E13EC8CE3605192D1E7 /* [CP] Embed Pods Frameworks */,
			);
			buildRules = (
			);
			dependencies = (
			);
			name = flix;
			packageProductDependencies = (
				01228F9926EE6CB900260CD2 /* AlamofireImage */,
			);
			productName = flix;
			productReference = 01228F2526ECF98900260CD2 /* flix.app */;
			productType = "com.apple.product-type.application";
		};
		01228F3A26ECF98D00260CD2 /* flixTests */ = {
			isa = PBXNativeTarget;
			buildConfigurationList = 01228F5226ECF98D00260CD2 /* Build configuration list for PBXNativeTarget "flixTests" */;
			buildPhases = (
				0156DF5527FBC26DFFF85F4B /* [CP] Check Pods Manifest.lock */,
				01228F3726ECF98D00260CD2 /* Sources */,
				01228F3826ECF98D00260CD2 /* Frameworks */,
				01228F3926ECF98D00260CD2 /* Resources */,
			);
			buildRules = (
			);
			dependencies = (
				01228F3D26ECF98D00260CD2 /* PBXTargetDependency */,
			);
			name = flixTests;
			productName = flixTests;
			productReference = 01228F3B26ECF98D00260CD2 /* flixTests.xctest */;
			productType = "com.apple.product-type.bundle.unit-test";
		};
		01228F4526ECF98D00260CD2 /* flixUITests */ = {
			isa = PBXNativeTarget;
			buildConfigurationList = 01228F5526ECF98D00260CD2 /* Build configuration list for PBXNativeTarget "flixUITests" */;
			buildPhases = (
				A3307FA75EE5BE7D0E3A8248 /* [CP] Check Pods Manifest.lock */,
				01228F4226ECF98D00260CD2 /* Sources */,
				01228F4326ECF98D00260CD2 /* Frameworks */,
				01228F4426ECF98D00260CD2 /* Resources */,
				0BB8451C68F942463F3B2ABE /* [CP] Embed Pods Frameworks */,
			);
			buildRules = (
			);
			dependencies = (
				01228F4826ECF98D00260CD2 /* PBXTargetDependency */,
			);
			name = flixUITests;
			productName = flixUITests;
			productReference = 01228F4626ECF98D00260CD2 /* flixUITests.xctest */;
			productType = "com.apple.product-type.bundle.ui-testing";
		};
/* End PBXNativeTarget section */

/* Begin PBXProject section */
		01228F1D26ECF98900260CD2 /* Project object */ = {
			isa = PBXProject;
			attributes = {
				LastSwiftUpdateCheck = 1250;
				LastUpgradeCheck = 1250;
				TargetAttributes = {
					01228F2426ECF98900260CD2 = {
						CreatedOnToolsVersion = 12.5.1;
					};
					01228F3A26ECF98D00260CD2 = {
						CreatedOnToolsVersion = 12.5.1;
						TestTargetID = 01228F2426ECF98900260CD2;
					};
					01228F4526ECF98D00260CD2 = {
						CreatedOnToolsVersion = 12.5.1;
						TestTargetID = 01228F2426ECF98900260CD2;
					};
				};
			};
			buildConfigurationList = 01228F2026ECF98900260CD2 /* Build configuration list for PBXProject "flix" */;
			compatibilityVersion = "Xcode 9.3";
			developmentRegion = en;
			hasScannedForEncodings = 0;
			knownRegions = (
				en,
				Base,
			);
			mainGroup = 01228F1C26ECF98900260CD2;
			packageReferences = (
				01228F9826EE6CB900260CD2 /* XCRemoteSwiftPackageReference "AlamofireImage" */,
			);
			productRefGroup = 01228F2626ECF98900260CD2 /* Products */;
			projectDirPath = "";
			projectRoot = "";
			targets = (
				01228F2426ECF98900260CD2 /* flix */,
				01228F3A26ECF98D00260CD2 /* flixTests */,
				01228F4526ECF98D00260CD2 /* flixUITests */,
			);
		};
/* End PBXProject section */

/* Begin PBXResourcesBuildPhase section */
		01228F2326ECF98900260CD2 /* Resources */ = {
			isa = PBXResourcesBuildPhase;
			buildActionMask = 2147483647;
			files = (
				01228F3526ECF98C00260CD2 /* LaunchScreen.storyboard in Resources */,
				01228F3226ECF98C00260CD2 /* Assets.xcassets in Resources */,
				01228F3026ECF98900260CD2 /* Main.storyboard in Resources */,
			);
			runOnlyForDeploymentPostprocessing = 0;
		};
		01228F3926ECF98D00260CD2 /* Resources */ = {
			isa = PBXResourcesBuildPhase;
			buildActionMask = 2147483647;
			files = (
			);
			runOnlyForDeploymentPostprocessing = 0;
		};
		01228F4426ECF98D00260CD2 /* Resources */ = {
			isa = PBXResourcesBuildPhase;
			buildActionMask = 2147483647;
			files = (
			);
			runOnlyForDeploymentPostprocessing = 0;
		};
/* End PBXResourcesBuildPhase section */

/* Begin PBXShellScriptBuildPhase section */
		0156DF5527FBC26DFFF85F4B /* [CP] Check Pods Manifest.lock */ = {
			isa = PBXShellScriptBuildPhase;
			buildActionMask = 2147483647;
			files = (
			);
			inputFileListPaths = (
			);
			inputPaths = (
				"${PODS_PODFILE_DIR_PATH}/Podfile.lock",
				"${PODS_ROOT}/Manifest.lock",
			);
			name = "[CP] Check Pods Manifest.lock";
			outputFileListPaths = (
			);
			outputPaths = (
				"$(DERIVED_FILE_DIR)/Pods-flixTests-checkManifestLockResult.txt",
			);
			runOnlyForDeploymentPostprocessing = 0;
			shellPath = /bin/sh;
			shellScript = "diff \"${PODS_PODFILE_DIR_PATH}/Podfile.lock\" \"${PODS_ROOT}/Manifest.lock\" > /dev/null\nif [ $? != 0 ] ; then\n    # print error to STDERR\n    echo \"error: The sandbox is not in sync with the Podfile.lock. Run 'pod install' or update your CocoaPods installation.\" >&2\n    exit 1\nfi\n# This output is used by Xcode 'outputs' to avoid re-running this script phase.\necho \"SUCCESS\" > \"${SCRIPT_OUTPUT_FILE_0}\"\n";
			showEnvVarsInLog = 0;
		};
		0BB8451C68F942463F3B2ABE /* [CP] Embed Pods Frameworks */ = {
			isa = PBXShellScriptBuildPhase;
			buildActionMask = 2147483647;
			files = (
			);
			inputFileListPaths = (
				"${PODS_ROOT}/Target Support Files/Pods-flix-flixUITests/Pods-flix-flixUITests-frameworks-${CONFIGURATION}-input-files.xcfilelist",
			);
			name = "[CP] Embed Pods Frameworks";
			outputFileListPaths = (
				"${PODS_ROOT}/Target Support Files/Pods-flix-flixUITests/Pods-flix-flixUITests-frameworks-${CONFIGURATION}-output-files.xcfilelist",
			);
			runOnlyForDeploymentPostprocessing = 0;
			shellPath = /bin/sh;
			shellScript = "\"${PODS_ROOT}/Target Support Files/Pods-flix-flixUITests/Pods-flix-flixUITests-frameworks.sh\"\n";
			showEnvVarsInLog = 0;
		};
		307D9CA26DC7199C103D998D /* [CP] Check Pods Manifest.lock */ = {
			isa = PBXShellScriptBuildPhase;
			buildActionMask = 2147483647;
			files = (
			);
			inputFileListPaths = (
			);
			inputPaths = (
				"${PODS_PODFILE_DIR_PATH}/Podfile.lock",
				"${PODS_ROOT}/Manifest.lock",
			);
			name = "[CP] Check Pods Manifest.lock";
			outputFileListPaths = (
			);
			outputPaths = (
				"$(DERIVED_FILE_DIR)/Pods-flix-checkManifestLockResult.txt",
			);
			runOnlyForDeploymentPostprocessing = 0;
			shellPath = /bin/sh;
			shellScript = "diff \"${PODS_PODFILE_DIR_PATH}/Podfile.lock\" \"${PODS_ROOT}/Manifest.lock\" > /dev/null\nif [ $? != 0 ] ; then\n    # print error to STDERR\n    echo \"error: The sandbox is not in sync with the Podfile.lock. Run 'pod install' or update your CocoaPods installation.\" >&2\n    exit 1\nfi\n# This output is used by Xcode 'outputs' to avoid re-running this script phase.\necho \"SUCCESS\" > \"${SCRIPT_OUTPUT_FILE_0}\"\n";
			showEnvVarsInLog = 0;
		};
		A3307FA75EE5BE7D0E3A8248 /* [CP] Check Pods Manifest.lock */ = {
			isa = PBXShellScriptBuildPhase;
			buildActionMask = 2147483647;
			files = (
			);
			inputFileListPaths = (
			);
			inputPaths = (
				"${PODS_PODFILE_DIR_PATH}/Podfile.lock",
				"${PODS_ROOT}/Manifest.lock",
			);
			name = "[CP] Check Pods Manifest.lock";
			outputFileListPaths = (
			);
			outputPaths = (
				"$(DERIVED_FILE_DIR)/Pods-flix-flixUITests-checkManifestLockResult.txt",
			);
			runOnlyForDeploymentPostprocessing = 0;
			shellPath = /bin/sh;
			shellScript = "diff \"${PODS_PODFILE_DIR_PATH}/Podfile.lock\" \"${PODS_ROOT}/Manifest.lock\" > /dev/null\nif [ $? != 0 ] ; then\n    # print error to STDERR\n    echo \"error: The sandbox is not in sync with the Podfile.lock. Run 'pod install' or update your CocoaPods installation.\" >&2\n    exit 1\nfi\n# This output is used by Xcode 'outputs' to avoid re-running this script phase.\necho \"SUCCESS\" > \"${SCRIPT_OUTPUT_FILE_0}\"\n";
			showEnvVarsInLog = 0;
		};
		FC303E13EC8CE3605192D1E7 /* [CP] Embed Pods Frameworks */ = {
			isa = PBXShellScriptBuildPhase;
			buildActionMask = 2147483647;
			files = (
			);
			inputFileListPaths = (
				"${PODS_ROOT}/Target Support Files/Pods-flix/Pods-flix-frameworks-${CONFIGURATION}-input-files.xcfilelist",
			);
			name = "[CP] Embed Pods Frameworks";
			outputFileListPaths = (
				"${PODS_ROOT}/Target Support Files/Pods-flix/Pods-flix-frameworks-${CONFIGURATION}-output-files.xcfilelist",
			);
			runOnlyForDeploymentPostprocessing = 0;
			shellPath = /bin/sh;
			shellScript = "\"${PODS_ROOT}/Target Support Files/Pods-flix/Pods-flix-frameworks.sh\"\n";
			showEnvVarsInLog = 0;
		};
/* End PBXShellScriptBuildPhase section */

/* Begin PBXSourcesBuildPhase section */
		01228F2126ECF98900260CD2 /* Sources */ = {
			isa = PBXSourcesBuildPhase;
			buildActionMask = 2147483647;
			files = (
				01228F2926ECF98900260CD2 /* AppDelegate.swift in Sources */,
				01228F2B26ECF98900260CD2 /* SceneDelegate.swift in Sources */,
				01228F9726EE489F00260CD2 /* MovieCell.swift in Sources */,
				01228F9526EE3EEC00260CD2 /* MoviesViewController.swift in Sources */,
			);
			runOnlyForDeploymentPostprocessing = 0;
		};
		01228F3726ECF98D00260CD2 /* Sources */ = {
			isa = PBXSourcesBuildPhase;
			buildActionMask = 2147483647;
			files = (
				01228F4026ECF98D00260CD2 /* flixTests.swift in Sources */,
			);
			runOnlyForDeploymentPostprocessing = 0;
		};
		01228F4226ECF98D00260CD2 /* Sources */ = {
			isa = PBXSourcesBuildPhase;
			buildActionMask = 2147483647;
			files = (
				01228F4B26ECF98D00260CD2 /* flixUITests.swift in Sources */,
			);
			runOnlyForDeploymentPostprocessing = 0;
		};
/* End PBXSourcesBuildPhase section */

/* Begin PBXTargetDependency section */
		01228F3D26ECF98D00260CD2 /* PBXTargetDependency */ = {
			isa = PBXTargetDependency;
			target = 01228F2426ECF98900260CD2 /* flix */;
			targetProxy = 01228F3C26ECF98D00260CD2 /* PBXContainerItemProxy */;
		};
		01228F4826ECF98D00260CD2 /* PBXTargetDependency */ = {
			isa = PBXTargetDependency;
			target = 01228F2426ECF98900260CD2 /* flix */;
			targetProxy = 01228F4726ECF98D00260CD2 /* PBXContainerItemProxy */;
		};
/* End PBXTargetDependency section */

/* Begin PBXVariantGroup section */
		01228F2E26ECF98900260CD2 /* Main.storyboard */ = {
			isa = PBXVariantGroup;
			children = (
				01228F2F26ECF98900260CD2 /* Base */,
			);
			name = Main.storyboard;
			sourceTree = "<group>";
		};
		01228F3326ECF98C00260CD2 /* LaunchScreen.storyboard */ = {
			isa = PBXVariantGroup;
			children = (
				01228F3426ECF98C00260CD2 /* Base */,
			);
			name = LaunchScreen.storyboard;
			sourceTree = "<group>";
		};
/* End PBXVariantGroup section */

/* Begin XCBuildConfiguration section */
		01228F4D26ECF98D00260CD2 /* Debug */ = {
			isa = XCBuildConfiguration;
			buildSettings = {
				ALWAYS_SEARCH_USER_PATHS = NO;
				CLANG_ANALYZER_NONNULL = YES;
				CLANG_ANALYZER_NUMBER_OBJECT_CONVERSION = YES_AGGRESSIVE;
				CLANG_CXX_LANGUAGE_STANDARD = "gnu++14";
				CLANG_CXX_LIBRARY = "libc++";
				CLANG_ENABLE_MODULES = YES;
				CLANG_ENABLE_OBJC_ARC = YES;
				CLANG_ENABLE_OBJC_WEAK = YES;
				CLANG_WARN_BLOCK_CAPTURE_AUTORELEASING = YES;
				CLANG_WARN_BOOL_CONVERSION = YES;
				CLANG_WARN_COMMA = YES;
				CLANG_WARN_CONSTANT_CONVERSION = YES;
				CLANG_WARN_DEPRECATED_OBJC_IMPLEMENTATIONS = YES;
				CLANG_WARN_DIRECT_OBJC_ISA_USAGE = YES_ERROR;
				CLANG_WARN_DOCUMENTATION_COMMENTS = YES;
				CLANG_WARN_EMPTY_BODY = YES;
				CLANG_WARN_ENUM_CONVERSION = YES;
				CLANG_WARN_INFINITE_RECURSION = YES;
				CLANG_WARN_INT_CONVERSION = YES;
				CLANG_WARN_NON_LITERAL_NULL_CONVERSION = YES;
				CLANG_WARN_OBJC_IMPLICIT_RETAIN_SELF = YES;
				CLANG_WARN_OBJC_LITERAL_CONVERSION = YES;
				CLANG_WARN_OBJC_ROOT_CLASS = YES_ERROR;
				CLANG_WARN_QUOTED_INCLUDE_IN_FRAMEWORK_HEADER = YES;
				CLANG_WARN_RANGE_LOOP_ANALYSIS = YES;
				CLANG_WARN_STRICT_PROTOTYPES = YES;
				CLANG_WARN_SUSPICIOUS_MOVE = YES;
				CLANG_WARN_UNGUARDED_AVAILABILITY = YES_AGGRESSIVE;
				CLANG_WARN_UNREACHABLE_CODE = YES;
				CLANG_WARN__DUPLICATE_METHOD_MATCH = YES;
				COPY_PHASE_STRIP = NO;
				DEBUG_INFORMATION_FORMAT = dwarf;
				ENABLE_STRICT_OBJC_MSGSEND = YES;
				ENABLE_TESTABILITY = YES;
				GCC_C_LANGUAGE_STANDARD = gnu11;
				GCC_DYNAMIC_NO_PIC = NO;
				GCC_NO_COMMON_BLOCKS = YES;
				GCC_OPTIMIZATION_LEVEL = 0;
				GCC_PREPROCESSOR_DEFINITIONS = (
					"DEBUG=1",
					"$(inherited)",
				);
				GCC_WARN_64_TO_32_BIT_CONVERSION = YES;
				GCC_WARN_ABOUT_RETURN_TYPE = YES_ERROR;
				GCC_WARN_UNDECLARED_SELECTOR = YES;
				GCC_WARN_UNINITIALIZED_AUTOS = YES_AGGRESSIVE;
				GCC_WARN_UNUSED_FUNCTION = YES;
				GCC_WARN_UNUSED_VARIABLE = YES;
				IPHONEOS_DEPLOYMENT_TARGET = 14.5;
				MTL_ENABLE_DEBUG_INFO = INCLUDE_SOURCE;
				MTL_FAST_MATH = YES;
				ONLY_ACTIVE_ARCH = YES;
				SDKROOT = iphoneos;
				SWIFT_ACTIVE_COMPILATION_CONDITIONS = DEBUG;
				SWIFT_OPTIMIZATION_LEVEL = "-Onone";
			};
			name = Debug;
		};
		01228F4E26ECF98D00260CD2 /* Release */ = {
			isa = XCBuildConfiguration;
			buildSettings = {
				ALWAYS_SEARCH_USER_PATHS = NO;
				CLANG_ANALYZER_NONNULL = YES;
				CLANG_ANALYZER_NUMBER_OBJECT_CONVERSION = YES_AGGRESSIVE;
				CLANG_CXX_LANGUAGE_STANDARD = "gnu++14";
				CLANG_CXX_LIBRARY = "libc++";
				CLANG_ENABLE_MODULES = YES;
				CLANG_ENABLE_OBJC_ARC = YES;
				CLANG_ENABLE_OBJC_WEAK = YES;
				CLANG_WARN_BLOCK_CAPTURE_AUTORELEASING = YES;
				CLANG_WARN_BOOL_CONVERSION = YES;
				CLANG_WARN_COMMA = YES;
				CLANG_WARN_CONSTANT_CONVERSION = YES;
				CLANG_WARN_DEPRECATED_OBJC_IMPLEMENTATIONS = YES;
				CLANG_WARN_DIRECT_OBJC_ISA_USAGE = YES_ERROR;
				CLANG_WARN_DOCUMENTATION_COMMENTS = YES;
				CLANG_WARN_EMPTY_BODY = YES;
				CLANG_WARN_ENUM_CONVERSION = YES;
				CLANG_WARN_INFINITE_RECURSION = YES;
				CLANG_WARN_INT_CONVERSION = YES;
				CLANG_WARN_NON_LITERAL_NULL_CONVERSION = YES;
				CLANG_WARN_OBJC_IMPLICIT_RETAIN_SELF = YES;
				CLANG_WARN_OBJC_LITERAL_CONVERSION = YES;
				CLANG_WARN_OBJC_ROOT_CLASS = YES_ERROR;
				CLANG_WARN_QUOTED_INCLUDE_IN_FRAMEWORK_HEADER = YES;
				CLANG_WARN_RANGE_LOOP_ANALYSIS = YES;
				CLANG_WARN_STRICT_PROTOTYPES = YES;
				CLANG_WARN_SUSPICIOUS_MOVE = YES;
				CLANG_WARN_UNGUARDED_AVAILABILITY = YES_AGGRESSIVE;
				CLANG_WARN_UNREACHABLE_CODE = YES;
				CLANG_WARN__DUPLICATE_METHOD_MATCH = YES;
				COPY_PHASE_STRIP = NO;
				DEBUG_INFORMATION_FORMAT = "dwarf-with-dsym";
				ENABLE_NS_ASSERTIONS = NO;
				ENABLE_STRICT_OBJC_MSGSEND = YES;
				GCC_C_LANGUAGE_STANDARD = gnu11;
				GCC_NO_COMMON_BLOCKS = YES;
				GCC_WARN_64_TO_32_BIT_CONVERSION = YES;
				GCC_WARN_ABOUT_RETURN_TYPE = YES_ERROR;
				GCC_WARN_UNDECLARED_SELECTOR = YES;
				GCC_WARN_UNINITIALIZED_AUTOS = YES_AGGRESSIVE;
				GCC_WARN_UNUSED_FUNCTION = YES;
				GCC_WARN_UNUSED_VARIABLE = YES;
				IPHONEOS_DEPLOYMENT_TARGET = 14.5;
				MTL_ENABLE_DEBUG_INFO = NO;
				MTL_FAST_MATH = YES;
				SDKROOT = iphoneos;
				SWIFT_COMPILATION_MODE = wholemodule;
				SWIFT_OPTIMIZATION_LEVEL = "-O";
				VALIDATE_PRODUCT = YES;
			};
			name = Release;
		};
		01228F5026ECF98D00260CD2 /* Debug */ = {
			isa = XCBuildConfiguration;
			baseConfigurationReference = 2638AAA4B6A79CB448811E0F /* Pods-flix.debug.xcconfig */;
			buildSettings = {
				ASSETCATALOG_COMPILER_APPICON_NAME = AppIcon;
				ASSETCATALOG_COMPILER_GLOBAL_ACCENT_COLOR_NAME = AccentColor;
				CODE_SIGN_STYLE = Automatic;
				INFOPLIST_FILE = flix/Info.plist;
				LD_RUNPATH_SEARCH_PATHS = (
					"$(inherited)",
					"@executable_path/Frameworks",
				);
				PRODUCT_BUNDLE_IDENTIFIER = memo.com.flix;
				PRODUCT_NAME = "$(TARGET_NAME)";
				SWIFT_VERSION = 5.0;
				TARGETED_DEVICE_FAMILY = "1,2";
			};
			name = Debug;
		};
		01228F5126ECF98D00260CD2 /* Release */ = {
			isa = XCBuildConfiguration;
			baseConfigurationReference = 1C210A9379B737A7BFB5EA15 /* Pods-flix.release.xcconfig */;
			buildSettings = {
				ASSETCATALOG_COMPILER_APPICON_NAME = AppIcon;
				ASSETCATALOG_COMPILER_GLOBAL_ACCENT_COLOR_NAME = AccentColor;
				CODE_SIGN_STYLE = Automatic;
				INFOPLIST_FILE = flix/Info.plist;
				LD_RUNPATH_SEARCH_PATHS = (
					"$(inherited)",
					"@executable_path/Frameworks",
				);
				PRODUCT_BUNDLE_IDENTIFIER = memo.com.flix;
				PRODUCT_NAME = "$(TARGET_NAME)";
				SWIFT_VERSION = 5.0;
				TARGETED_DEVICE_FAMILY = "1,2";
			};
			name = Release;
		};
		01228F5326ECF98D00260CD2 /* Debug */ = {
			isa = XCBuildConfiguration;
			baseConfigurationReference = 4E433FF3AB81F7C7EE5353E4 /* Pods-flixTests.debug.xcconfig */;
			buildSettings = {
				ALWAYS_EMBED_SWIFT_STANDARD_LIBRARIES = YES;
				BUNDLE_LOADER = "$(TEST_HOST)";
				CODE_SIGN_STYLE = Automatic;
				INFOPLIST_FILE = flixTests/Info.plist;
				IPHONEOS_DEPLOYMENT_TARGET = 14.5;
				LD_RUNPATH_SEARCH_PATHS = (
					"$(inherited)",
					"@executable_path/Frameworks",
					"@loader_path/Frameworks",
				);
				PRODUCT_BUNDLE_IDENTIFIER = memo.com.flixTests;
				PRODUCT_NAME = "$(TARGET_NAME)";
				SWIFT_VERSION = 5.0;
				TARGETED_DEVICE_FAMILY = "1,2";
				TEST_HOST = "$(BUILT_PRODUCTS_DIR)/flix.app/flix";
			};
			name = Debug;
		};
		01228F5426ECF98D00260CD2 /* Release */ = {
			isa = XCBuildConfiguration;
			baseConfigurationReference = 2E0898DDBD6A51BA027E33FA /* Pods-flixTests.release.xcconfig */;
			buildSettings = {
				ALWAYS_EMBED_SWIFT_STANDARD_LIBRARIES = YES;
				BUNDLE_LOADER = "$(TEST_HOST)";
				CODE_SIGN_STYLE = Automatic;
				INFOPLIST_FILE = flixTests/Info.plist;
				IPHONEOS_DEPLOYMENT_TARGET = 14.5;
				LD_RUNPATH_SEARCH_PATHS = (
					"$(inherited)",
					"@executable_path/Frameworks",
					"@loader_path/Frameworks",
				);
				PRODUCT_BUNDLE_IDENTIFIER = memo.com.flixTests;
				PRODUCT_NAME = "$(TARGET_NAME)";
				SWIFT_VERSION = 5.0;
				TARGETED_DEVICE_FAMILY = "1,2";
				TEST_HOST = "$(BUILT_PRODUCTS_DIR)/flix.app/flix";
			};
			name = Release;
		};
		01228F5626ECF98D00260CD2 /* Debug */ = {
			isa = XCBuildConfiguration;
			baseConfigurationReference = 6152A8321F9F9720395F86D8 /* Pods-flix-flixUITests.debug.xcconfig */;
			buildSettings = {
				ALWAYS_EMBED_SWIFT_STANDARD_LIBRARIES = YES;
				CODE_SIGN_STYLE = Automatic;
				INFOPLIST_FILE = flixUITests/Info.plist;
				LD_RUNPATH_SEARCH_PATHS = (
					"$(inherited)",
					"@executable_path/Frameworks",
					"@loader_path/Frameworks",
				);
				PRODUCT_BUNDLE_IDENTIFIER = memo.com.flixUITests;
				PRODUCT_NAME = "$(TARGET_NAME)";
				SWIFT_VERSION = 5.0;
				TARGETED_DEVICE_FAMILY = "1,2";
				TEST_TARGET_NAME = flix;
			};
			name = Debug;
		};
		01228F5726ECF98D00260CD2 /* Release */ = {
			isa = XCBuildConfiguration;
			baseConfigurationReference = E01DBE823C493501D572F24B /* Pods-flix-flixUITests.release.xcconfig */;
			buildSettings = {
				ALWAYS_EMBED_SWIFT_STANDARD_LIBRARIES = YES;
				CODE_SIGN_STYLE = Automatic;
				INFOPLIST_FILE = flixUITests/Info.plist;
				LD_RUNPATH_SEARCH_PATHS = (
					"$(inherited)",
					"@executable_path/Frameworks",
					"@loader_path/Frameworks",
				);
				PRODUCT_BUNDLE_IDENTIFIER = memo.com.flixUITests;
				PRODUCT_NAME = "$(TARGET_NAME)";
				SWIFT_VERSION = 5.0;
				TARGETED_DEVICE_FAMILY = "1,2";
				TEST_TARGET_NAME = flix;
			};
			name = Release;
		};
/* End XCBuildConfiguration section */

/* Begin XCConfigurationList section */
		01228F2026ECF98900260CD2 /* Build configuration list for PBXProject "flix" */ = {
			isa = XCConfigurationList;
			buildConfigurations = (
				01228F4D26ECF98D00260CD2 /* Debug */,
				01228F4E26ECF98D00260CD2 /* Release */,
			);
			defaultConfigurationIsVisible = 0;
			defaultConfigurationName = Release;
		};
		01228F4F26ECF98D00260CD2 /* Build configuration list for PBXNativeTarget "flix" */ = {
			isa = XCConfigurationList;
			buildConfigurations = (
				01228F5026ECF98D00260CD2 /* Debug */,
				01228F5126ECF98D00260CD2 /* Release */,
			);
			defaultConfigurationIsVisible = 0;
			defaultConfigurationName = Release;
		};
		01228F5226ECF98D00260CD2 /* Build configuration list for PBXNativeTarget "flixTests" */ = {
			isa = XCConfigurationList;
			buildConfigurations = (
				01228F5326ECF98D00260CD2 /* Debug */,
				01228F5426ECF98D00260CD2 /* Release */,
			);
			defaultConfigurationIsVisible = 0;
			defaultConfigurationName = Release;
		};
		01228F5526ECF98D00260CD2 /* Build configuration list for PBXNativeTarget "flixUITests" */ = {
			isa = XCConfigurationList;
			buildConfigurations = (
				01228F5626ECF98D00260CD2 /* Debug */,
				01228F5726ECF98D00260CD2 /* Release */,
			);
			defaultConfigurationIsVisible = 0;
			defaultConfigurationName = Release;
		};
/* End XCConfigurationList section */

/* Begin XCRemoteSwiftPackageReference section */
		01228F9826EE6CB900260CD2 /* XCRemoteSwiftPackageReference "AlamofireImage" */ = {
			isa = XCRemoteSwiftPackageReference;
			repositoryURL = "https://github.com/Alamofire/AlamofireImage";
			requirement = {
				kind = upToNextMajorVersion;
				minimumVersion = 4.2.0;
			};
		};
/* End XCRemoteSwiftPackageReference section */

/* Begin XCSwiftPackageProductDependency section */
		01228F9926EE6CB900260CD2 /* AlamofireImage */ = {
			isa = XCSwiftPackageProductDependency;
			package = 01228F9826EE6CB900260CD2 /* XCRemoteSwiftPackageReference "AlamofireImage" */;
			productName = AlamofireImage;
		};
/* End XCSwiftPackageProductDependency section */
	};
	rootObject = 01228F1D26ECF98900260CD2 /* Project object */;
}
